{"is_source_file": false, "format": "", "description": "", "external_files": [], "external_methods": [], "published": [], "classes": [], "methods": [], "calls": [], "search-terms": [], "state": 2, "file_id": 10, "knowledge_revision": 41, "git_revision": "9d99d898483bc0342ff1b1741e4c0c6c1025fb6c", "filename": "/home/kavia/workspace/code-generation/breathetrack-15896-ae28da22/breathetrack/post_process_status.lock", "hash": "9c4ed7ef73e22b872b8055bec08b8979", "format-version": 4, "code-base-name": "default", "revision_history": [{"41": "9d99d898483bc0342ff1b1741e4c0c6c1025fb6c"}]}